
Microsoft Visual Studio Solution File, Format Version 12.00
# Visual Studio Version 17
VisualStudioVersion = 17.8.34309.116
MinimumVisualStudioVersion = 10.0.40219.1
Project("{FAE04EC0-301F-11D3-BF4B-00C04F79EFBC}") = "ConsoleApp3", "ConsoleApp3\ConsoleApp3.csproj", "{6B0D71AE-0E1E-4C27-8796-0F86165DB905}"
EndProject
Global
	GlobalSection(SolutionConfigurationPlatforms) = preSolution
		Debug|Any CPU = Debug|Any CPU
		Release|Any CPU = Release|Any CPU
	EndGlobalSection
	GlobalSection(ProjectConfigurationPlatforms) = postSolution
		{6B0D71AE-0E1E-4C27-8796-0F86165DB905}.Debug|Any CPU.ActiveCfg = Debug|Any CPU
		{6B0D71AE-0E1E-4C27-8796-0F86165DB905}.Debug|Any CPU.Build.0 = Debug|Any CPU
		{6B0D71AE-0E1E-4C27-8796-0F86165DB905}.Release|Any CPU.ActiveCfg = Release|Any CPU
		{6B0D71AE-0E1E-4C27-8796-0F86165DB905}.Release|Any CPU.Build.0 = Release|Any CPU
	EndGlobalSection
	GlobalSection(SolutionProperties) = preSolution
		HideSolutionNode = FALSE
	EndGlobalSection
	GlobalSection(ExtensibilityGlobals) = postSolution
		SolutionGuid = {C56B06FC-B4E0-44AE-B0AC-3D7D7E4A27C0}
	EndGlobalSection
EndGlobal
